<?xml version="1.0" encoding="utf-8"?>
<Project ToolsVersion="4.0" xmlns="http://schemas.microsoft.com/developer/msbuild/2003">
  <ItemGroup>
    <Filter Include="Fountain">
      <UniqueIdentifier>{C936278F-B503-829A-DE1C-7042CA48B728}</UniqueIdentifier>
    </Filter>
    <Filter Include="Fountain\Events">
      <UniqueIdentifier>{8D46544B-F9D1-C10F-02E3-44046EED1D10}</UniqueIdentifier>
    </Filter>
    <Filter Include="Fountain\ImGui">
      <UniqueIdentifier>{B3DEB9BC-9FAC-ADC2-8840-1EE974AD8927}</UniqueIdentifier>
    </Filter>
    <Filter Include="Platform">
      <UniqueIdentifier>{2AC788B4-1694-E3BF-3FAD-D1672BD9184E}</UniqueIdentifier>
    </Filter>
    <Filter Include="Platform\OpenGL">
      <UniqueIdentifier>{1E7D2C1D-8A08-9AE1-9319-1DD6FF23F6E1}</UniqueIdentifier>
    </Filter>
    <Filter Include="Platform\Windows">
      <UniqueIdentifier>{64FBD71A-50F4-F66C-7926-DCF1657ED678}</UniqueIdentifier>
    </Filter>
  </ItemGroup>
  <ItemGroup>
    <ClInclude Include="src\Fountain.h" />
    <ClInclude Include="src\Fountain\Application.h">
      <Filter>Fountain</Filter>
    </ClInclude>
    <ClInclude Include="src\Fountain\Core.h">
      <Filter>Fountain</Filter>
    </ClInclude>
    <ClInclude Include="src\Fountain\EntryPoint.h">
      <Filter>Fountain</Filter>
    </ClInclude>
    <ClInclude Include="src\Fountain\Events\ApplicationEvent.h">
      <Filter>Fountain\Events</Filter>
    </ClInclude>
    <ClInclude Include="src\Fountain\Events\Event.h">
      <Filter>Fountain\Events</Filter>
    </ClInclude>
    <ClInclude Include="src\Fountain\Events\KeyEvent.h">
      <Filter>Fountain\Events</Filter>
    </ClInclude>
    <ClInclude Include="src\Fountain\Events\MouseEvent.h">
      <Filter>Fountain\Events</Filter>
    </ClInclude>
    <ClInclude Include="src\Fountain\ImGui\ImGuiLayer.h">
      <Filter>Fountain\ImGui</Filter>
    </ClInclude>
    <ClInclude Include="src\Fountain\Layer.h">
      <Filter>Fountain</Filter>
    </ClInclude>
    <ClInclude Include="src\Fountain\LayerStack.h">
      <Filter>Fountain</Filter>
    </ClInclude>
    <ClInclude Include="src\Fountain\Log.h">
      <Filter>Fountain</Filter>
    </ClInclude>
    <ClInclude Include="src\Fountain\Window.h">
      <Filter>Fountain</Filter>
    </ClInclude>
    <ClInclude Include="src\Platform\OpenGL\imgui_impl_opengl3.h">
      <Filter>Platform\OpenGL</Filter>
    </ClInclude>
    <ClInclude Include="src\Platform\Windows\WindowsWindow.h">
      <Filter>Platform\Windows</Filter>
    </ClInclude>
    <ClInclude Include="src\ftpch.h" />
  </ItemGroup>
  <ItemGroup>
    <ClCompile Include="src\Fountain\Application.cpp">
      <Filter>Fountain</Filter>
    </ClCompile>
    <ClCompile Include="src\Fountain\ImGui\ImGuiLayer.cpp">
      <Filter>Fountain\ImGui</Filter>
    </ClCompile>
    <ClCompile Include="src\Fountain\Layer.cpp">
      <Filter>Fountain</Filter>
    </ClCompile>
    <ClCompile Include="src\Fountain\LayerStack.cpp">
      <Filter>Fountain</Filter>
    </ClCompile>
    <ClCompile Include="src\Fountain\Log.cpp">
      <Filter>Fountain</Filter>
    </ClCompile>
    <ClCompile Include="src\Platform\OpenGL\imgui_impl_opengl3.cpp">
      <Filter>Platform\OpenGL</Filter>
    </ClCompile>
    <ClCompile Include="src\Platform\Windows\WindowsWindow.cpp">
      <Filter>Platform\Windows</Filter>
    </ClCompile>
    <ClCompile Include="src\ftpch.cpp" />
  </ItemGroup>
</Project>