<?xml version="1.0" encoding="utf-8"?>
<Project ToolsVersion="4.0" xmlns="http://schemas.microsoft.com/developer/msbuild/2003">
  <ItemGroup>
    <Filter Include="Fountain">
      <UniqueIdentifier>{C936278F-B503-829A-DE1C-7042CA48B728}</UniqueIdentifier>
    </Filter>
    <Filter Include="Fountain\Events">
      <UniqueIdentifier>{8D46544B-F9D1-C10F-02E3-44046EED1D10}</UniqueIdentifier>
    </Filter>
  </ItemGroup>
  <ItemGroup>
    <ClInclude Include="src\Fountain.h" />
    <ClInclude Include="src\Fountain\Application.h">
      <Filter>Fountain</Filter>
    </ClInclude>
    <ClInclude Include="src\Fountain\Core.h">
      <Filter>Fountain</Filter>
    </ClInclude>
    <ClInclude Include="src\Fountain\EntryPoint.h">
      <Filter>Fountain</Filter>
    </ClInclude>
    <ClInclude Include="src\Fountain\Events\ApplicationEvent.h">
      <Filter>Fountain\Events</Filter>
    </ClInclude>
    <ClInclude Include="src\Fountain\Events\Event.h">
      <Filter>Fountain\Events</Filter>
    </ClInclude>
    <ClInclude Include="src\Fountain\Events\KeyEvent.h">
      <Filter>Fountain\Events</Filter>
    </ClInclude>
    <ClInclude Include="src\Fountain\Events\MouseEvent.h">
      <Filter>Fountain\Events</Filter>
    </ClInclude>
    <ClInclude Include="src\Fountain\Log.h">
      <Filter>Fountain</Filter>
    </ClInclude>
  </ItemGroup>
  <ItemGroup>
    <ClCompile Include="src\Fountain\Application.cpp">
      <Filter>Fountain</Filter>
    </ClCompile>
    <ClCompile Include="src\Fountain\Log.cpp">
      <Filter>Fountain</Filter>
    </ClCompile>
  </ItemGroup>
</Project>