<?xml version="1.0" encoding="utf-8"?>
<Project ToolsVersion="4.0" xmlns="http://schemas.microsoft.com/developer/msbuild/2003">
  <ItemGroup>
    <Filter Include="Fountain">
      <UniqueIdentifier>{C936278F-B503-829A-DE1C-7042CA48B728}</UniqueIdentifier>
    </Filter>
  </ItemGroup>
  <ItemGroup>
    <ClInclude Include="src\Fountain.h" />
    <ClInclude Include="src\Fountain\Application.h">
      <Filter>Fountain</Filter>
    </ClInclude>
    <ClInclude Include="src\Fountain\Core.h">
      <Filter>Fountain</Filter>
    </ClInclude>
    <ClInclude Include="src\Fountain\EntryPoint.h">
      <Filter>Fountain</Filter>
    </ClInclude>
    <ClInclude Include="src\Fountain\Log.h">
      <Filter>Fountain</Filter>
    </ClInclude>
  </ItemGroup>
  <ItemGroup>
    <ClCompile Include="src\Fountain\Application.cpp">
      <Filter>Fountain</Filter>
    </ClCompile>
    <ClCompile Include="src\Fountain\Log.cpp">
      <Filter>Fountain</Filter>
    </ClCompile>
  </ItemGroup>
</Project>